
Microsoft Visual Studio Solution File, Format Version 12.00
# Visual Studio Version 16
VisualStudioVersion = 16.0.30611.23
MinimumVisualStudioVersion = 10.0.40219.1
Project("{8BC9CEB8-8B4A-11D0-8D11-00A0C91BC942}") = "Warcaby", "Warcaby.vcxproj", "{9E719B03-EDF6-4F13-AB7B-BF5A7F6CACF5}"
EndProject
Global
	GlobalSection(SolutionConfigurationPlatforms) = preSolution
		Debug|x64 = Debug|x64
		Debug|x86 = Debug|x86
		Release|x64 = Release|x64
		Release|x86 = Release|x86
	EndGlobalSection
	GlobalSection(ProjectConfigurationPlatforms) = postSolution
		{9E719B03-EDF6-4F13-AB7B-BF5A7F6CACF5}.Debug|x64.ActiveCfg = Debug|x64
		{9E719B03-EDF6-4F13-AB7B-BF5A7F6CACF5}.Debug|x64.Build.0 = Debug|x64
		{9E719B03-EDF6-4F13-AB7B-BF5A7F6CACF5}.Debug|x86.ActiveCfg = Debug|Win32
		{9E719B03-EDF6-4F13-AB7B-BF5A7F6CACF5}.Debug|x86.Build.0 = Debug|Win32
		{9E719B03-EDF6-4F13-AB7B-BF5A7F6CACF5}.Release|x64.ActiveCfg = Release|x64
		{9E719B03-EDF6-4F13-AB7B-BF5A7F6CACF5}.Release|x64.Build.0 = Release|x64
		{9E719B03-EDF6-4F13-AB7B-BF5A7F6CACF5}.Release|x86.ActiveCfg = Release|Win32
		{9E719B03-EDF6-4F13-AB7B-BF5A7F6CACF5}.Release|x86.Build.0 = Release|Win32
	EndGlobalSection
	GlobalSection(SolutionProperties) = preSolution
		HideSolutionNode = FALSE
	EndGlobalSection
	GlobalSection(ExtensibilityGlobals) = postSolution
		SolutionGuid = {9AB35A63-9930-4AB5-AB18-690823643470}
	EndGlobalSection
EndGlobal
